
Microsoft Visual Studio Solution File, Format Version 12.00
# Visual Studio Version 17
VisualStudioVersion = 17.11.35222.181
MinimumVisualStudioVersion = 10.0.40219.1
Project("{9A19103F-16F7-4668-BE54-9A1E7A4F7556}") = "Presentation", "Presentation\Presentation.csproj", "{1D31A1AC-83A0-4DAC-9D1F-9AB62480B037}"
EndProject
Project("{9A19103F-16F7-4668-BE54-9A1E7A4F7556}") = "Domain", "Domain\Domain.csproj", "{49770230-5A24-4B91-B82C-BD6D8BCB475A}"
EndProject
Project("{9A19103F-16F7-4668-BE54-9A1E7A4F7556}") = "Infrastructure", "Infrastructure\Infrastructure.csproj", "{7E1098DB-FC8E-49D8-B574-999CF4020655}"
EndProject
Project("{9A19103F-16F7-4668-BE54-9A1E7A4F7556}") = "Application", "Application\Application.csproj", "{A60ED0A7-3D30-46DB-AA38-9CE5DE8B84C4}"
EndProject
Project("{2150E333-8FDC-42A3-9474-1A3956D46DE8}") = "src", "src", "{1E6000A4-E0BB-47E8-9311-9A2AF990C3BA}"
EndProject
Project("{2150E333-8FDC-42A3-9474-1A3956D46DE8}") = "tests", "tests", "{DA2E89E4-6A74-41E0-94C7-803577A0DEE1}"
EndProject
Project("{2150E333-8FDC-42A3-9474-1A3956D46DE8}") = "Core", "Core", "{CA9FA474-65E7-4B61-90C6-13FA3BBE64A1}"
EndProject
Global
	GlobalSection(SolutionConfigurationPlatforms) = preSolution
		Debug|Any CPU = Debug|Any CPU
		Release|Any CPU = Release|Any CPU
	EndGlobalSection
	GlobalSection(ProjectConfigurationPlatforms) = postSolution
		{1D31A1AC-83A0-4DAC-9D1F-9AB62480B037}.Debug|Any CPU.ActiveCfg = Debug|Any CPU
		{1D31A1AC-83A0-4DAC-9D1F-9AB62480B037}.Debug|Any CPU.Build.0 = Debug|Any CPU
		{1D31A1AC-83A0-4DAC-9D1F-9AB62480B037}.Release|Any CPU.ActiveCfg = Release|Any CPU
		{1D31A1AC-83A0-4DAC-9D1F-9AB62480B037}.Release|Any CPU.Build.0 = Release|Any CPU
		{49770230-5A24-4B91-B82C-BD6D8BCB475A}.Debug|Any CPU.ActiveCfg = Debug|Any CPU
		{49770230-5A24-4B91-B82C-BD6D8BCB475A}.Debug|Any CPU.Build.0 = Debug|Any CPU
		{49770230-5A24-4B91-B82C-BD6D8BCB475A}.Release|Any CPU.ActiveCfg = Release|Any CPU
		{49770230-5A24-4B91-B82C-BD6D8BCB475A}.Release|Any CPU.Build.0 = Release|Any CPU
		{7E1098DB-FC8E-49D8-B574-999CF4020655}.Debug|Any CPU.ActiveCfg = Debug|Any CPU
		{7E1098DB-FC8E-49D8-B574-999CF4020655}.Debug|Any CPU.Build.0 = Debug|Any CPU
		{7E1098DB-FC8E-49D8-B574-999CF4020655}.Release|Any CPU.ActiveCfg = Release|Any CPU
		{7E1098DB-FC8E-49D8-B574-999CF4020655}.Release|Any CPU.Build.0 = Release|Any CPU
		{A60ED0A7-3D30-46DB-AA38-9CE5DE8B84C4}.Debug|Any CPU.ActiveCfg = Debug|Any CPU
		{A60ED0A7-3D30-46DB-AA38-9CE5DE8B84C4}.Debug|Any CPU.Build.0 = Debug|Any CPU
		{A60ED0A7-3D30-46DB-AA38-9CE5DE8B84C4}.Release|Any CPU.ActiveCfg = Release|Any CPU
		{A60ED0A7-3D30-46DB-AA38-9CE5DE8B84C4}.Release|Any CPU.Build.0 = Release|Any CPU
	EndGlobalSection
	GlobalSection(SolutionProperties) = preSolution
		HideSolutionNode = FALSE
	EndGlobalSection
	GlobalSection(NestedProjects) = preSolution
		{1D31A1AC-83A0-4DAC-9D1F-9AB62480B037} = {1E6000A4-E0BB-47E8-9311-9A2AF990C3BA}
		{49770230-5A24-4B91-B82C-BD6D8BCB475A} = {CA9FA474-65E7-4B61-90C6-13FA3BBE64A1}
		{7E1098DB-FC8E-49D8-B574-999CF4020655} = {1E6000A4-E0BB-47E8-9311-9A2AF990C3BA}
		{A60ED0A7-3D30-46DB-AA38-9CE5DE8B84C4} = {CA9FA474-65E7-4B61-90C6-13FA3BBE64A1}
		{CA9FA474-65E7-4B61-90C6-13FA3BBE64A1} = {1E6000A4-E0BB-47E8-9311-9A2AF990C3BA}
	EndGlobalSection
	GlobalSection(ExtensibilityGlobals) = postSolution
		SolutionGuid = {7A95C8AE-78E6-4007-AEAA-2FE0F9BB2260}
	EndGlobalSection
EndGlobal
