
Microsoft Visual Studio Solution File, Format Version 12.00
# Visual Studio Version 17
VisualStudioVersion = 17.11.35222.181
MinimumVisualStudioVersion = 10.0.40219.1
Project("{FAE04EC0-301F-11D3-BF4B-00C04F79EFBC}") = "Presentation", "Presentation\Presentation.csproj", "{1D31A1AC-83A0-4DAC-9D1F-9AB62480B037}"
EndProject
Project("{FAE04EC0-301F-11D3-BF4B-00C04F79EFBC}") = "Domain", "Domain\Domain.csproj", "{49770230-5A24-4B91-B82C-BD6D8BCB475A}"
EndProject
Project("{FAE04EC0-301F-11D3-BF4B-00C04F79EFBC}") = "Infrastructure", "Infrastructure\Infrastructure.csproj", "{7E1098DB-FC8E-49D8-B574-999CF4020655}"
EndProject
Project("{FAE04EC0-301F-11D3-BF4B-00C04F79EFBC}") = "Application", "Application\Application.csproj", "{A60ED0A7-3D30-46DB-AA38-9CE5DE8B84C4}"
EndProject
Global
	GlobalSection(SolutionConfigurationPlatforms) = preSolution
		Debug|Any CPU = Debug|Any CPU
		Release|Any CPU = Release|Any CPU
	EndGlobalSection
	GlobalSection(ProjectConfigurationPlatforms) = postSolution
		{1D31A1AC-83A0-4DAC-9D1F-9AB62480B037}.Debug|Any CPU.ActiveCfg = Debug|Any CPU
		{1D31A1AC-83A0-4DAC-9D1F-9AB62480B037}.Debug|Any CPU.Build.0 = Debug|Any CPU
		{1D31A1AC-83A0-4DAC-9D1F-9AB62480B037}.Release|Any CPU.ActiveCfg = Release|Any CPU
		{1D31A1AC-83A0-4DAC-9D1F-9AB62480B037}.Release|Any CPU.Build.0 = Release|Any CPU
		{49770230-5A24-4B91-B82C-BD6D8BCB475A}.Debug|Any CPU.ActiveCfg = Debug|Any CPU
		{49770230-5A24-4B91-B82C-BD6D8BCB475A}.Debug|Any CPU.Build.0 = Debug|Any CPU
		{49770230-5A24-4B91-B82C-BD6D8BCB475A}.Release|Any CPU.ActiveCfg = Release|Any CPU
		{49770230-5A24-4B91-B82C-BD6D8BCB475A}.Release|Any CPU.Build.0 = Release|Any CPU
		{7E1098DB-FC8E-49D8-B574-999CF4020655}.Debug|Any CPU.ActiveCfg = Debug|Any CPU
		{7E1098DB-FC8E-49D8-B574-999CF4020655}.Debug|Any CPU.Build.0 = Debug|Any CPU
		{7E1098DB-FC8E-49D8-B574-999CF4020655}.Release|Any CPU.ActiveCfg = Release|Any CPU
		{7E1098DB-FC8E-49D8-B574-999CF4020655}.Release|Any CPU.Build.0 = Release|Any CPU
		{A60ED0A7-3D30-46DB-AA38-9CE5DE8B84C4}.Debug|Any CPU.ActiveCfg = Debug|Any CPU
		{A60ED0A7-3D30-46DB-AA38-9CE5DE8B84C4}.Debug|Any CPU.Build.0 = Debug|Any CPU
		{A60ED0A7-3D30-46DB-AA38-9CE5DE8B84C4}.Release|Any CPU.ActiveCfg = Release|Any CPU
		{A60ED0A7-3D30-46DB-AA38-9CE5DE8B84C4}.Release|Any CPU.Build.0 = Release|Any CPU
	EndGlobalSection
	GlobalSection(SolutionProperties) = preSolution
		HideSolutionNode = FALSE
	EndGlobalSection
	GlobalSection(ExtensibilityGlobals) = postSolution
		SolutionGuid = {7A95C8AE-78E6-4007-AEAA-2FE0F9BB2260}
	EndGlobalSection
EndGlobal
